
Microsoft Visual Studio Solution File, Format Version 12.00
# Visual Studio Version 17
VisualStudioVersion = 17.8.34330.188
MinimumVisualStudioVersion = 10.0.40219.1
Project("{FAE04EC0-301F-11D3-BF4B-00C04F79EFBC}") = "TwitterLite.Server", "TwitterLite.Server\TwitterLite.Server.csproj", "{6CC20A17-B9BE-4AB9-8978-E1503F5F7EB3}"
EndProject
Project("{54A90642-561A-4BB1-A94E-469ADEE60C69}") = "twitterlite.client", "twitterlite.client\twitterlite.client.esproj", "{D43963BF-B89D-4CD9-A2EA-D26A7307FA74}"
EndProject
Global
	GlobalSection(SolutionConfigurationPlatforms) = preSolution
		Debug|Any CPU = Debug|Any CPU
		Release|Any CPU = Release|Any CPU
	EndGlobalSection
	GlobalSection(ProjectConfigurationPlatforms) = postSolution
		{6CC20A17-B9BE-4AB9-8978-E1503F5F7EB3}.Debug|Any CPU.ActiveCfg = Debug|Any CPU
		{6CC20A17-B9BE-4AB9-8978-E1503F5F7EB3}.Debug|Any CPU.Build.0 = Debug|Any CPU
		{6CC20A17-B9BE-4AB9-8978-E1503F5F7EB3}.Release|Any CPU.ActiveCfg = Release|Any CPU
		{6CC20A17-B9BE-4AB9-8978-E1503F5F7EB3}.Release|Any CPU.Build.0 = Release|Any CPU
		{D43963BF-B89D-4CD9-A2EA-D26A7307FA74}.Debug|Any CPU.ActiveCfg = Debug|Any CPU
		{D43963BF-B89D-4CD9-A2EA-D26A7307FA74}.Debug|Any CPU.Build.0 = Debug|Any CPU
		{D43963BF-B89D-4CD9-A2EA-D26A7307FA74}.Debug|Any CPU.Deploy.0 = Debug|Any CPU
		{D43963BF-B89D-4CD9-A2EA-D26A7307FA74}.Release|Any CPU.ActiveCfg = Release|Any CPU
		{D43963BF-B89D-4CD9-A2EA-D26A7307FA74}.Release|Any CPU.Build.0 = Release|Any CPU
		{D43963BF-B89D-4CD9-A2EA-D26A7307FA74}.Release|Any CPU.Deploy.0 = Release|Any CPU
	EndGlobalSection
	GlobalSection(SolutionProperties) = preSolution
		HideSolutionNode = FALSE
	EndGlobalSection
	GlobalSection(ExtensibilityGlobals) = postSolution
		SolutionGuid = {7DE4684B-289E-4E2D-8C92-B880848FB86E}
	EndGlobalSection
EndGlobal
